
Microsoft Visual Studio Solution File, Format Version 12.00
# Visual Studio 14
VisualStudioVersion = 14.0.25420.1
MinimumVisualStudioVersion = 10.0.40219.1
Project("{FAE04EC0-301F-11D3-BF4B-00C04F79EFBC}") = "labo_03_emulateur", "labo_03_emulateur\labo_03_emulateur.csproj", "{47A41BCF-F66A-4869-BF63-4F68EDC04F0C}"
EndProject
Project("{FAE04EC0-301F-11D3-BF4B-00C04F79EFBC}") = "gei1076_tools", "..\gei1076_tools\gei1076_tools\gei1076_tools.csproj", "{1F72DFB0-F424-4375-983A-F36467958FA4}"
EndProject
Project("{FAE04EC0-301F-11D3-BF4B-00C04F79EFBC}") = "labo_03_interface", "labo_03_interface\labo_03_interface.csproj", "{0E6926AA-B73B-40E9-9785-636F6F72CBA9}"
EndProject
Global
	GlobalSection(SolutionConfigurationPlatforms) = preSolution
		Debug|Any CPU = Debug|Any CPU
		Release|Any CPU = Release|Any CPU
	EndGlobalSection
	GlobalSection(ProjectConfigurationPlatforms) = postSolution
		{47A41BCF-F66A-4869-BF63-4F68EDC04F0C}.Debug|Any CPU.ActiveCfg = Debug|Any CPU
		{47A41BCF-F66A-4869-BF63-4F68EDC04F0C}.Debug|Any CPU.Build.0 = Debug|Any CPU
		{47A41BCF-F66A-4869-BF63-4F68EDC04F0C}.Release|Any CPU.ActiveCfg = Release|Any CPU
		{47A41BCF-F66A-4869-BF63-4F68EDC04F0C}.Release|Any CPU.Build.0 = Release|Any CPU
		{1F72DFB0-F424-4375-983A-F36467958FA4}.Debug|Any CPU.ActiveCfg = Debug|Any CPU
		{1F72DFB0-F424-4375-983A-F36467958FA4}.Debug|Any CPU.Build.0 = Debug|Any CPU
		{1F72DFB0-F424-4375-983A-F36467958FA4}.Release|Any CPU.ActiveCfg = Release|Any CPU
		{1F72DFB0-F424-4375-983A-F36467958FA4}.Release|Any CPU.Build.0 = Release|Any CPU
		{0E6926AA-B73B-40E9-9785-636F6F72CBA9}.Debug|Any CPU.ActiveCfg = Debug|Any CPU
		{0E6926AA-B73B-40E9-9785-636F6F72CBA9}.Debug|Any CPU.Build.0 = Debug|Any CPU
		{0E6926AA-B73B-40E9-9785-636F6F72CBA9}.Release|Any CPU.ActiveCfg = Release|Any CPU
		{0E6926AA-B73B-40E9-9785-636F6F72CBA9}.Release|Any CPU.Build.0 = Release|Any CPU
	EndGlobalSection
	GlobalSection(SolutionProperties) = preSolution
		HideSolutionNode = FALSE
	EndGlobalSection
EndGlobal
